
Microsoft Visual Studio Solution File, Format Version 12.00
# Visual Studio Version 17
VisualStudioVersion = 17.4.33213.308
MinimumVisualStudioVersion = 10.0.40219.1
Project("{9A19103F-16F7-4668-BE54-9A1E7A4F7556}") = "YPermitin.DBTools.Core", "Libs\YPermitin.DBTools.Core\YPermitin.DBTools.Core.csproj", "{CAF44CC3-9FA8-4C5B-B656-1D5C42EEB182}"
EndProject
Project("{2150E333-8FDC-42A3-9474-1A3956D46DE8}") = "Libs", "Libs", "{E79FBDED-0EA0-4935-ADCB-9116800E2956}"
EndProject
Project("{2150E333-8FDC-42A3-9474-1A3956D46DE8}") = "Apps", "Apps", "{41AB67CD-88F9-4504-BFD7-CFF21B20A418}"
EndProject
Project("{2150E333-8FDC-42A3-9474-1A3956D46DE8}") = "Tests", "Tests", "{C673B5E5-1AFC-44FB-ADFE-AC35D9CE74A3}"
EndProject
Project("{2150E333-8FDC-42A3-9474-1A3956D46DE8}") = "Solution Items", "Solution Items", "{8BF3FBB3-BA2A-4EB7-8335-09488E20CD5B}"
	ProjectSection(SolutionItems) = preProject
		.github\workflows\dotnet.yml = .github\workflows\dotnet.yml
		LICENSE = LICENSE
		README.md = README.md
	EndProjectSection
EndProject
Project("{9A19103F-16F7-4668-BE54-9A1E7A4F7556}") = "YPermitin.DBTools.SQLServer.XEvents", "Libs\YPermitin.DBTools.SQLServer.XEvents\YPermitin.DBTools.SQLServer.XEvents.csproj", "{43AB3C3E-A23D-468E-83AE-B17E49A25383}"
EndProject
Project("{9A19103F-16F7-4668-BE54-9A1E7A4F7556}") = "YPermitin.DBTools.SQLServer.XEvents.ToClickHouse", "Libs\YPermitin.DBTools.SQLServer.XEvents.ToClickHouse\YPermitin.DBTools.SQLServer.XEvents.ToClickHouse.csproj", "{9D3F8EDD-8225-45C8-B0AD-3925B59F2CDF}"
EndProject
Project("{9A19103F-16F7-4668-BE54-9A1E7A4F7556}") = "YPermitin.DBTools.SQLServer.XEvents.Tests", "Tests\YPermitin.DBTools.SQLServer.XEvents.Tests\YPermitin.DBTools.SQLServer.XEvents.Tests.csproj", "{7C0DD08F-F2E6-44E2-933D-E35DDA8C5A8B}"
EndProject
Project("{9A19103F-16F7-4668-BE54-9A1E7A4F7556}") = "YPermitin.DBTools.Core.Tests", "Tests\YPermitin.DBTools.Core.Tests\YPermitin.DBTools.Core.Tests.csproj", "{FB8A0C39-780D-4C85-BF72-1CE6D88BA6AA}"
EndProject
Project("{9A19103F-16F7-4668-BE54-9A1E7A4F7556}") = "YPermitin.DBTools.SQLServer.XEvents.ToClickHouse.Tests", "Tests\YPermitin.DBTools.SQLServer.XEvents.ToClickHouse.Tests\YPermitin.DBTools.SQLServer.XEvents.ToClickHouse.Tests.csproj", "{F4F58CDF-E97D-45C2-94F1-1DFF6BC3E921}"
EndProject
Project("{9A19103F-16F7-4668-BE54-9A1E7A4F7556}") = "YPermitin.DBTools.SQLServer.ExtendedEventsToClickHouse", "Apps\YPermitin.DBTools.SQLServer.ExtendedEventsToClickHouse\YPermitin.DBTools.SQLServer.ExtendedEventsToClickHouse.csproj", "{8C7DD76C-8F81-422E-8327-B13FF18E12AE}"
EndProject
Project("{2150E333-8FDC-42A3-9474-1A3956D46DE8}") = "Nuget", "Nuget", "{070B6008-4C4E-42DA-B2D9-607A06E975F5}"
	ProjectSection(SolutionItems) = preProject
		Nuget\icon.ico = Nuget\icon.ico
		Nuget\icon.png = Nuget\icon.png
	EndProjectSection
EndProject
Project("{2150E333-8FDC-42A3-9474-1A3956D46DE8}") = "Scripts", "Scripts", "{971D0E54-6E62-4E27-AB9E-84FF6B89D888}"
	ProjectSection(SolutionItems) = preProject
		Scripts\deploy.sh = Scripts\deploy.sh
	EndProjectSection
EndProject
Project("{2150E333-8FDC-42A3-9474-1A3956D46DE8}") = "Docs", "Docs", "{7404C7CE-5368-4058-8D7E-F2CC9BCFA779}"
	ProjectSection(SolutionItems) = preProject
		Docs\README.md = Docs\README.md
	EndProjectSection
EndProject
Project("{2150E333-8FDC-42A3-9474-1A3956D46DE8}") = "QueriesSamples", "QueriesSamples", "{1248D739-3F9A-4D20-BFDD-495E07F4E38F}"
	ProjectSection(SolutionItems) = preProject
		Docs\QueriesSamples\Ошибки и интенсивность их появления.sql = Docs\QueriesSamples\Ошибки и интенсивность их появления.sql
		Docs\QueriesSamples\Тяжелые запросы с анализом по CPU или объему чтений.sql = Docs\QueriesSamples\Тяжелые запросы с анализом по CPU или объему чтений.sql
	EndProjectSection
EndProject
Project("{FAE04EC0-301F-11D3-BF4B-00C04F79EFBC}") = "YPermitin.DBTools.SQLServer.BulkCopyProgramWrapper", "Libs\YPermitin.DBTools.SQLServer.BulkCopyProgramWrapper\YPermitin.DBTools.SQLServer.BulkCopyProgramWrapper.csproj", "{BB203ACD-27F3-444A-90C2-AC68531EDDD6}"
EndProject
Project("{FAE04EC0-301F-11D3-BF4B-00C04F79EFBC}") = "YPermitin.DBTools.SQLServer.BulkCopyProgramWrapper.Tests", "Tests\YPermitin.DBTools.SQLServer.BulkCopyProgramWrapper.Tests\YPermitin.DBTools.SQLServer.BulkCopyProgramWrapper.Tests.csproj", "{1FEF52F2-5F94-49CE-BE00-119BEBA02006}"
EndProject
Global
	GlobalSection(SolutionConfigurationPlatforms) = preSolution
		Debug|Any CPU = Debug|Any CPU
		Release|Any CPU = Release|Any CPU
	EndGlobalSection
	GlobalSection(ProjectConfigurationPlatforms) = postSolution
		{CAF44CC3-9FA8-4C5B-B656-1D5C42EEB182}.Debug|Any CPU.ActiveCfg = Debug|Any CPU
		{CAF44CC3-9FA8-4C5B-B656-1D5C42EEB182}.Debug|Any CPU.Build.0 = Debug|Any CPU
		{CAF44CC3-9FA8-4C5B-B656-1D5C42EEB182}.Release|Any CPU.ActiveCfg = Release|Any CPU
		{CAF44CC3-9FA8-4C5B-B656-1D5C42EEB182}.Release|Any CPU.Build.0 = Release|Any CPU
		{43AB3C3E-A23D-468E-83AE-B17E49A25383}.Debug|Any CPU.ActiveCfg = Debug|Any CPU
		{43AB3C3E-A23D-468E-83AE-B17E49A25383}.Debug|Any CPU.Build.0 = Debug|Any CPU
		{43AB3C3E-A23D-468E-83AE-B17E49A25383}.Release|Any CPU.ActiveCfg = Release|Any CPU
		{43AB3C3E-A23D-468E-83AE-B17E49A25383}.Release|Any CPU.Build.0 = Release|Any CPU
		{9D3F8EDD-8225-45C8-B0AD-3925B59F2CDF}.Debug|Any CPU.ActiveCfg = Debug|Any CPU
		{9D3F8EDD-8225-45C8-B0AD-3925B59F2CDF}.Debug|Any CPU.Build.0 = Debug|Any CPU
		{9D3F8EDD-8225-45C8-B0AD-3925B59F2CDF}.Release|Any CPU.ActiveCfg = Release|Any CPU
		{9D3F8EDD-8225-45C8-B0AD-3925B59F2CDF}.Release|Any CPU.Build.0 = Release|Any CPU
		{7C0DD08F-F2E6-44E2-933D-E35DDA8C5A8B}.Debug|Any CPU.ActiveCfg = Debug|Any CPU
		{7C0DD08F-F2E6-44E2-933D-E35DDA8C5A8B}.Debug|Any CPU.Build.0 = Debug|Any CPU
		{7C0DD08F-F2E6-44E2-933D-E35DDA8C5A8B}.Release|Any CPU.ActiveCfg = Release|Any CPU
		{7C0DD08F-F2E6-44E2-933D-E35DDA8C5A8B}.Release|Any CPU.Build.0 = Release|Any CPU
		{FB8A0C39-780D-4C85-BF72-1CE6D88BA6AA}.Debug|Any CPU.ActiveCfg = Debug|Any CPU
		{FB8A0C39-780D-4C85-BF72-1CE6D88BA6AA}.Debug|Any CPU.Build.0 = Debug|Any CPU
		{FB8A0C39-780D-4C85-BF72-1CE6D88BA6AA}.Release|Any CPU.ActiveCfg = Release|Any CPU
		{FB8A0C39-780D-4C85-BF72-1CE6D88BA6AA}.Release|Any CPU.Build.0 = Release|Any CPU
		{F4F58CDF-E97D-45C2-94F1-1DFF6BC3E921}.Debug|Any CPU.ActiveCfg = Debug|Any CPU
		{F4F58CDF-E97D-45C2-94F1-1DFF6BC3E921}.Debug|Any CPU.Build.0 = Debug|Any CPU
		{F4F58CDF-E97D-45C2-94F1-1DFF6BC3E921}.Release|Any CPU.ActiveCfg = Release|Any CPU
		{F4F58CDF-E97D-45C2-94F1-1DFF6BC3E921}.Release|Any CPU.Build.0 = Release|Any CPU
		{8C7DD76C-8F81-422E-8327-B13FF18E12AE}.Debug|Any CPU.ActiveCfg = Debug|Any CPU
		{8C7DD76C-8F81-422E-8327-B13FF18E12AE}.Debug|Any CPU.Build.0 = Debug|Any CPU
		{8C7DD76C-8F81-422E-8327-B13FF18E12AE}.Release|Any CPU.ActiveCfg = Release|Any CPU
		{8C7DD76C-8F81-422E-8327-B13FF18E12AE}.Release|Any CPU.Build.0 = Release|Any CPU
		{BB203ACD-27F3-444A-90C2-AC68531EDDD6}.Debug|Any CPU.ActiveCfg = Debug|Any CPU
		{BB203ACD-27F3-444A-90C2-AC68531EDDD6}.Debug|Any CPU.Build.0 = Debug|Any CPU
		{BB203ACD-27F3-444A-90C2-AC68531EDDD6}.Release|Any CPU.ActiveCfg = Release|Any CPU
		{BB203ACD-27F3-444A-90C2-AC68531EDDD6}.Release|Any CPU.Build.0 = Release|Any CPU
		{1FEF52F2-5F94-49CE-BE00-119BEBA02006}.Debug|Any CPU.ActiveCfg = Debug|Any CPU
		{1FEF52F2-5F94-49CE-BE00-119BEBA02006}.Debug|Any CPU.Build.0 = Debug|Any CPU
		{1FEF52F2-5F94-49CE-BE00-119BEBA02006}.Release|Any CPU.ActiveCfg = Release|Any CPU
		{1FEF52F2-5F94-49CE-BE00-119BEBA02006}.Release|Any CPU.Build.0 = Release|Any CPU
	EndGlobalSection
	GlobalSection(SolutionProperties) = preSolution
		HideSolutionNode = FALSE
	EndGlobalSection
	GlobalSection(NestedProjects) = preSolution
		{CAF44CC3-9FA8-4C5B-B656-1D5C42EEB182} = {E79FBDED-0EA0-4935-ADCB-9116800E2956}
		{43AB3C3E-A23D-468E-83AE-B17E49A25383} = {E79FBDED-0EA0-4935-ADCB-9116800E2956}
		{9D3F8EDD-8225-45C8-B0AD-3925B59F2CDF} = {E79FBDED-0EA0-4935-ADCB-9116800E2956}
		{7C0DD08F-F2E6-44E2-933D-E35DDA8C5A8B} = {C673B5E5-1AFC-44FB-ADFE-AC35D9CE74A3}
		{FB8A0C39-780D-4C85-BF72-1CE6D88BA6AA} = {C673B5E5-1AFC-44FB-ADFE-AC35D9CE74A3}
		{F4F58CDF-E97D-45C2-94F1-1DFF6BC3E921} = {C673B5E5-1AFC-44FB-ADFE-AC35D9CE74A3}
		{8C7DD76C-8F81-422E-8327-B13FF18E12AE} = {41AB67CD-88F9-4504-BFD7-CFF21B20A418}
		{070B6008-4C4E-42DA-B2D9-607A06E975F5} = {8BF3FBB3-BA2A-4EB7-8335-09488E20CD5B}
		{971D0E54-6E62-4E27-AB9E-84FF6B89D888} = {8BF3FBB3-BA2A-4EB7-8335-09488E20CD5B}
		{7404C7CE-5368-4058-8D7E-F2CC9BCFA779} = {8BF3FBB3-BA2A-4EB7-8335-09488E20CD5B}
		{1248D739-3F9A-4D20-BFDD-495E07F4E38F} = {7404C7CE-5368-4058-8D7E-F2CC9BCFA779}
		{BB203ACD-27F3-444A-90C2-AC68531EDDD6} = {E79FBDED-0EA0-4935-ADCB-9116800E2956}
		{1FEF52F2-5F94-49CE-BE00-119BEBA02006} = {C673B5E5-1AFC-44FB-ADFE-AC35D9CE74A3}
	EndGlobalSection
	GlobalSection(ExtensibilityGlobals) = postSolution
		SolutionGuid = {E5E4A466-BD31-4B30-A483-9BA15C9A211A}
	EndGlobalSection
EndGlobal
